
Microsoft Visual Studio Solution File, Format Version 12.00
Project("{2150E333-8FDC-42A3-9474-1A3956D46DE8}") = "RPS.Common", "RPS.Common", "{0F6304A7-71D6-4B90-AD6F-EEED1A45CA7B}"
EndProject
Project("{FAE04EC0-301F-11D3-BF4B-00C04F79EFBC}") = "RPS.Common", "RPS.Common\RPS.Common.csproj", "{322AD961-4BF1-43B4-8529-6D06B3D8FF54}"
EndProject
Project("{2150E333-8FDC-42A3-9474-1A3956D46DE8}") = "RPS.Services", "RPS.Services", "{02A8A97B-DE54-4802-8DAF-B51C940B51CF}"
EndProject
Project("{FAE04EC0-301F-11D3-BF4B-00C04F79EFBC}") = "RPS.Services.Auth", "RPS.Services.Auth\RPS.Services.Auth.csproj", "{014D0F9B-5A76-432D-A456-22D0A147DDE6}"
EndProject
Project("{2150E333-8FDC-42A3-9474-1A3956D46DE8}") = "RPS.Workers", "RPS.Workers", "{1EA02C47-4DE3-4D34-91F0-5D17D5040E2D}"
EndProject
Project("{FAE04EC0-301F-11D3-BF4B-00C04F79EFBC}") = "RPS.Services.Accounts", "RPS.Services.Accounts\RPS.Services.Accounts.csproj", "{09A591FC-5B45-4445-9854-8B47C42D9E0F}"
EndProject
Project("{FAE04EC0-301F-11D3-BF4B-00C04F79EFBC}") = "RPS.Services.Game", "RPS.Services.Game\RPS.Services.Game.csproj", "{C8D1D2E7-63C0-4326-849F-1A442B91B5DA}"
EndProject
Project("{FAE04EC0-301F-11D3-BF4B-00C04F79EFBC}") = "RPS.Workers.RoomsCleaner", "RPS.Workers.RoomsCleaner\RPS.Workers.RoomsCleaner.csproj", "{9726944E-B4AE-432F-B654-B9CD2178CBFF}"
EndProject
Project("{FAE04EC0-301F-11D3-BF4B-00C04F79EFBC}") = "RPS.Common.Grpc", "RPS.Common.Grpc\RPS.Common.Grpc.csproj", "{F233BE83-0367-4A19-A567-B8E8B8DA72E3}"
EndProject
Global
	GlobalSection(SolutionConfigurationPlatforms) = preSolution
		Debug|Any CPU = Debug|Any CPU
		Release|Any CPU = Release|Any CPU
	EndGlobalSection
	GlobalSection(NestedProjects) = preSolution
		{322AD961-4BF1-43B4-8529-6D06B3D8FF54} = {0F6304A7-71D6-4B90-AD6F-EEED1A45CA7B}
		{014D0F9B-5A76-432D-A456-22D0A147DDE6} = {02A8A97B-DE54-4802-8DAF-B51C940B51CF}
		{09A591FC-5B45-4445-9854-8B47C42D9E0F} = {02A8A97B-DE54-4802-8DAF-B51C940B51CF}
		{C8D1D2E7-63C0-4326-849F-1A442B91B5DA} = {02A8A97B-DE54-4802-8DAF-B51C940B51CF}
		{9726944E-B4AE-432F-B654-B9CD2178CBFF} = {1EA02C47-4DE3-4D34-91F0-5D17D5040E2D}
		{F233BE83-0367-4A19-A567-B8E8B8DA72E3} = {0F6304A7-71D6-4B90-AD6F-EEED1A45CA7B}
	EndGlobalSection
	GlobalSection(ProjectConfigurationPlatforms) = postSolution
		{322AD961-4BF1-43B4-8529-6D06B3D8FF54}.Debug|Any CPU.ActiveCfg = Debug|Any CPU
		{322AD961-4BF1-43B4-8529-6D06B3D8FF54}.Debug|Any CPU.Build.0 = Debug|Any CPU
		{322AD961-4BF1-43B4-8529-6D06B3D8FF54}.Release|Any CPU.ActiveCfg = Release|Any CPU
		{322AD961-4BF1-43B4-8529-6D06B3D8FF54}.Release|Any CPU.Build.0 = Release|Any CPU
		{014D0F9B-5A76-432D-A456-22D0A147DDE6}.Debug|Any CPU.ActiveCfg = Debug|Any CPU
		{014D0F9B-5A76-432D-A456-22D0A147DDE6}.Debug|Any CPU.Build.0 = Debug|Any CPU
		{014D0F9B-5A76-432D-A456-22D0A147DDE6}.Release|Any CPU.ActiveCfg = Release|Any CPU
		{014D0F9B-5A76-432D-A456-22D0A147DDE6}.Release|Any CPU.Build.0 = Release|Any CPU
		{09A591FC-5B45-4445-9854-8B47C42D9E0F}.Debug|Any CPU.ActiveCfg = Debug|Any CPU
		{09A591FC-5B45-4445-9854-8B47C42D9E0F}.Debug|Any CPU.Build.0 = Debug|Any CPU
		{09A591FC-5B45-4445-9854-8B47C42D9E0F}.Release|Any CPU.ActiveCfg = Release|Any CPU
		{09A591FC-5B45-4445-9854-8B47C42D9E0F}.Release|Any CPU.Build.0 = Release|Any CPU
		{C8D1D2E7-63C0-4326-849F-1A442B91B5DA}.Debug|Any CPU.ActiveCfg = Debug|Any CPU
		{C8D1D2E7-63C0-4326-849F-1A442B91B5DA}.Debug|Any CPU.Build.0 = Debug|Any CPU
		{C8D1D2E7-63C0-4326-849F-1A442B91B5DA}.Release|Any CPU.ActiveCfg = Release|Any CPU
		{C8D1D2E7-63C0-4326-849F-1A442B91B5DA}.Release|Any CPU.Build.0 = Release|Any CPU
		{9726944E-B4AE-432F-B654-B9CD2178CBFF}.Debug|Any CPU.ActiveCfg = Debug|Any CPU
		{9726944E-B4AE-432F-B654-B9CD2178CBFF}.Debug|Any CPU.Build.0 = Debug|Any CPU
		{9726944E-B4AE-432F-B654-B9CD2178CBFF}.Release|Any CPU.ActiveCfg = Release|Any CPU
		{9726944E-B4AE-432F-B654-B9CD2178CBFF}.Release|Any CPU.Build.0 = Release|Any CPU
		{F233BE83-0367-4A19-A567-B8E8B8DA72E3}.Debug|Any CPU.ActiveCfg = Debug|Any CPU
		{F233BE83-0367-4A19-A567-B8E8B8DA72E3}.Debug|Any CPU.Build.0 = Debug|Any CPU
		{F233BE83-0367-4A19-A567-B8E8B8DA72E3}.Release|Any CPU.ActiveCfg = Release|Any CPU
		{F233BE83-0367-4A19-A567-B8E8B8DA72E3}.Release|Any CPU.Build.0 = Release|Any CPU
	EndGlobalSection
EndGlobal
